
Microsoft Visual Studio Solution File, Format Version 12.00
# Visual Studio Version 17
VisualStudioVersion = 17.5.002.0
MinimumVisualStudioVersion = 10.0.40219.1
Project("{9A19103F-16F7-4668-BE54-9A1E7A4F7556}") = "Proyecto2", "Proyecto2.csproj", "{1187AB5E-7997-4677-A442-61B6D9C2B256}"
EndProject
Global
	GlobalSection(SolutionConfigurationPlatforms) = preSolution
		Debug|Any CPU = Debug|Any CPU
		Release|Any CPU = Release|Any CPU
	EndGlobalSection
	GlobalSection(ProjectConfigurationPlatforms) = postSolution
		{1187AB5E-7997-4677-A442-61B6D9C2B256}.Debug|Any CPU.ActiveCfg = Debug|Any CPU
		{1187AB5E-7997-4677-A442-61B6D9C2B256}.Debug|Any CPU.Build.0 = Debug|Any CPU
		{1187AB5E-7997-4677-A442-61B6D9C2B256}.Release|Any CPU.ActiveCfg = Release|Any CPU
		{1187AB5E-7997-4677-A442-61B6D9C2B256}.Release|Any CPU.Build.0 = Release|Any CPU
	EndGlobalSection
	GlobalSection(SolutionProperties) = preSolution
		HideSolutionNode = FALSE
	EndGlobalSection
	GlobalSection(ExtensibilityGlobals) = postSolution
		SolutionGuid = {810DA253-1D04-4031-B326-E7E4D28A4831}
	EndGlobalSection
EndGlobal
